
Microsoft Visual Studio Solution File, Format Version 12.00
# Visual Studio Version 17
VisualStudioVersion = 17.0.31919.166
MinimumVisualStudioVersion = 10.0.40219.1
Project("{FAE04EC0-301F-11D3-BF4B-00C04F79EFBC}") = "Программа целиком", "Программа целиком\Программа целиком.csproj", "{069F3EAA-48D7-4A7A-B7DC-9C28128391E0}"
EndProject
Project("{FAE04EC0-301F-11D3-BF4B-00C04F79EFBC}") = "Шифрование", "Шифрование\Шифрование.csproj", "{44BAC9A0-2E58-4151-B253-6DA70D157F1C}"
EndProject
Project("{FAE04EC0-301F-11D3-BF4B-00C04F79EFBC}") = "Дешифрование", "Дешифрование\Дешифрование.csproj", "{40CC308D-3B36-4660-9FF4-4B8B7A1CF643}"
EndProject
Global
	GlobalSection(SolutionConfigurationPlatforms) = preSolution
		Debug|Any CPU = Debug|Any CPU
		Release|Any CPU = Release|Any CPU
	EndGlobalSection
	GlobalSection(ProjectConfigurationPlatforms) = postSolution
		{069F3EAA-48D7-4A7A-B7DC-9C28128391E0}.Debug|Any CPU.ActiveCfg = Debug|Any CPU
		{069F3EAA-48D7-4A7A-B7DC-9C28128391E0}.Debug|Any CPU.Build.0 = Debug|Any CPU
		{069F3EAA-48D7-4A7A-B7DC-9C28128391E0}.Release|Any CPU.ActiveCfg = Release|Any CPU
		{069F3EAA-48D7-4A7A-B7DC-9C28128391E0}.Release|Any CPU.Build.0 = Release|Any CPU
		{44BAC9A0-2E58-4151-B253-6DA70D157F1C}.Debug|Any CPU.ActiveCfg = Debug|Any CPU
		{44BAC9A0-2E58-4151-B253-6DA70D157F1C}.Debug|Any CPU.Build.0 = Debug|Any CPU
		{44BAC9A0-2E58-4151-B253-6DA70D157F1C}.Release|Any CPU.ActiveCfg = Release|Any CPU
		{44BAC9A0-2E58-4151-B253-6DA70D157F1C}.Release|Any CPU.Build.0 = Release|Any CPU
		{40CC308D-3B36-4660-9FF4-4B8B7A1CF643}.Debug|Any CPU.ActiveCfg = Debug|Any CPU
		{40CC308D-3B36-4660-9FF4-4B8B7A1CF643}.Debug|Any CPU.Build.0 = Debug|Any CPU
		{40CC308D-3B36-4660-9FF4-4B8B7A1CF643}.Release|Any CPU.ActiveCfg = Release|Any CPU
		{40CC308D-3B36-4660-9FF4-4B8B7A1CF643}.Release|Any CPU.Build.0 = Release|Any CPU
	EndGlobalSection
	GlobalSection(SolutionProperties) = preSolution
		HideSolutionNode = FALSE
	EndGlobalSection
	GlobalSection(ExtensibilityGlobals) = postSolution
		SolutionGuid = {967C017D-6F82-414B-9314-A335D27AF7DC}
	EndGlobalSection
EndGlobal
